
Microsoft Visual Studio Solution File, Format Version 12.00
# Visual Studio Version 17
VisualStudioVersion = 17.5.002.0
MinimumVisualStudioVersion = 10.0.40219.1
Project("{9A19103F-16F7-4668-BE54-9A1E7A4F7556}") = "api-dotnet-mssql-base", "api-dotnet-mssql-base.csproj", "{AC89C784-836D-448C-B105-A8F0A98D5146}"
EndProject
Global
	GlobalSection(SolutionConfigurationPlatforms) = preSolution
		Debug|Any CPU = Debug|Any CPU
		Release|Any CPU = Release|Any CPU
	EndGlobalSection
	GlobalSection(ProjectConfigurationPlatforms) = postSolution
		{AC89C784-836D-448C-B105-A8F0A98D5146}.Debug|Any CPU.ActiveCfg = Debug|Any CPU
		{AC89C784-836D-448C-B105-A8F0A98D5146}.Debug|Any CPU.Build.0 = Debug|Any CPU
		{AC89C784-836D-448C-B105-A8F0A98D5146}.Release|Any CPU.ActiveCfg = Release|Any CPU
		{AC89C784-836D-448C-B105-A8F0A98D5146}.Release|Any CPU.Build.0 = Release|Any CPU
	EndGlobalSection
	GlobalSection(SolutionProperties) = preSolution
		HideSolutionNode = FALSE
	EndGlobalSection
	GlobalSection(ExtensibilityGlobals) = postSolution
		SolutionGuid = {10793E98-DC53-44AB-BA8A-8826D815891A}
	EndGlobalSection
EndGlobal
